// !$*UTF8*$!
{
	archiveVersion = 1;
	classes = {
	};
	objectVersion = 56;
	objects = {

/* Begin PBXBuildFile section */
		799615812A0D4454008B7B03 /* DescriptionView.swift in Sources */ = {isa = PBXBuildFile; fileRef = 799615802A0D4454008B7B03 /* DescriptionView.swift */; };
		799FA4802A0AB58B005FD089 /* TebaryApp.swift in Sources */ = {isa = PBXBuildFile; fileRef = 799FA47F2A0AB58B005FD089 /* TebaryApp.swift */; };
		799FA4822A0AB58B005FD089 /* ContentView.swift in Sources */ = {isa = PBXBuildFile; fileRef = 799FA4812A0AB58B005FD089 /* ContentView.swift */; };
		799FA4842A0AB58D005FD089 /* Assets.xcassets in Resources */ = {isa = PBXBuildFile; fileRef = 799FA4832A0AB58D005FD089 /* Assets.xcassets */; };
		799FA4872A0AB58D005FD089 /* Preview Assets.xcassets in Resources */ = {isa = PBXBuildFile; fileRef = 799FA4862A0AB58D005FD089 /* Preview Assets.xcassets */; };
		799FA48F2A0AC778005FD089 /* SignInView.swift in Sources */ = {isa = PBXBuildFile; fileRef = 799FA48E2A0AC778005FD089 /* SignInView.swift */; };
		799FA4912A0AC785005FD089 /* LogInView.swift in Sources */ = {isa = PBXBuildFile; fileRef = 799FA4902A0AC785005FD089 /* LogInView.swift */; };
		799FA4942A0B3291005FD089 /* FirebaseAuth in Frameworks */ = {isa = PBXBuildFile; productRef = 799FA4932A0B3291005FD089 /* FirebaseAuth */; };
		799FA4962A0B3291005FD089 /* FirebaseDatabase in Frameworks */ = {isa = PBXBuildFile; productRef = 799FA4952A0B3291005FD089 /* FirebaseDatabase */; };
		799FA4982A0B3291005FD089 /* FirebaseDatabaseSwift in Frameworks */ = {isa = PBXBuildFile; productRef = 799FA4972A0B3291005FD089 /* FirebaseDatabaseSwift */; };
		799FA49A2A0B3291005FD089 /* FirebaseFirestore in Frameworks */ = {isa = PBXBuildFile; productRef = 799FA4992A0B3291005FD089 /* FirebaseFirestore */; };
		799FA49C2A0C4F9D005FD089 /* GoogleService-Info.plist in Resources */ = {isa = PBXBuildFile; fileRef = 799FA49B2A0C4F9D005FD089 /* GoogleService-Info.plist */; };
		799FA49F2A0D2402005FD089 /* AuthViewModel.swift in Sources */ = {isa = PBXBuildFile; fileRef = 799FA49E2A0D2402005FD089 /* AuthViewModel.swift */; };
		799FA4A12A0D30A5005FD089 /* HomeView.swift in Sources */ = {isa = PBXBuildFile; fileRef = 799FA4A02A0D30A5005FD089 /* HomeView.swift */; };
		799FA4A32A0D30BC005FD089 /* TodosView.swift in Sources */ = {isa = PBXBuildFile; fileRef = 799FA4A22A0D30BC005FD089 /* TodosView.swift */; };
		799FA4A52A0D30C8005FD089 /* AddTodoView.swift in Sources */ = {isa = PBXBuildFile; fileRef = 799FA4A42A0D30C8005FD089 /* AddTodoView.swift */; };
		799FA4A72A0D30D8005FD089 /* SettingView.swift in Sources */ = {isa = PBXBuildFile; fileRef = 799FA4A62A0D30D8005FD089 /* SettingView.swift */; };
		799FA4A92A0D30F2005FD089 /* MainView.swift in Sources */ = {isa = PBXBuildFile; fileRef = 799FA4A82A0D30F2005FD089 /* MainView.swift */; };
		799FA4AB2A0D3C2A005FD089 /* TodoViewModel.swift in Sources */ = {isa = PBXBuildFile; fileRef = 799FA4AA2A0D3C29005FD089 /* TodoViewModel.swift */; };
		799FA4B02A0D3C56005FD089 /* TodoModel.swift in Sources */ = {isa = PBXBuildFile; fileRef = 799FA4AF2A0D3C56005FD089 /* TodoModel.swift */; };
/* End PBXBuildFile section */

/* Begin PBXFileReference section */
		799615802A0D4454008B7B03 /* DescriptionView.swift */ = {isa = PBXFileReference; lastKnownFileType = sourcecode.swift; path = DescriptionView.swift; sourceTree = "<group>"; };
		799FA47C2A0AB58B005FD089 /* Tebary.app */ = {isa = PBXFileReference; explicitFileType = wrapper.application; includeInIndex = 0; path = Tebary.app; sourceTree = BUILT_PRODUCTS_DIR; };
		799FA47F2A0AB58B005FD089 /* TebaryApp.swift */ = {isa = PBXFileReference; lastKnownFileType = sourcecode.swift; path = TebaryApp.swift; sourceTree = "<group>"; };
		799FA4812A0AB58B005FD089 /* ContentView.swift */ = {isa = PBXFileReference; lastKnownFileType = sourcecode.swift; path = ContentView.swift; sourceTree = "<group>"; };
		799FA4832A0AB58D005FD089 /* Assets.xcassets */ = {isa = PBXFileReference; lastKnownFileType = folder.assetcatalog; path = Assets.xcassets; sourceTree = "<group>"; };
		799FA4862A0AB58D005FD089 /* Preview Assets.xcassets */ = {isa = PBXFileReference; lastKnownFileType = folder.assetcatalog; path = "Preview Assets.xcassets"; sourceTree = "<group>"; };
		799FA48E2A0AC778005FD089 /* SignInView.swift */ = {isa = PBXFileReference; lastKnownFileType = sourcecode.swift; path = SignInView.swift; sourceTree = "<group>"; };
		799FA4902A0AC785005FD089 /* LogInView.swift */ = {isa = PBXFileReference; lastKnownFileType = sourcecode.swift; path = LogInView.swift; sourceTree = "<group>"; };
		799FA49B2A0C4F9D005FD089 /* GoogleService-Info.plist */ = {isa = PBXFileReference; fileEncoding = 4; lastKnownFileType = text.plist.xml; name = "GoogleService-Info.plist"; path = "../../../Downloads/GoogleService-Info.plist"; sourceTree = "<group>"; };
		799FA49E2A0D2402005FD089 /* AuthViewModel.swift */ = {isa = PBXFileReference; lastKnownFileType = sourcecode.swift; path = AuthViewModel.swift; sourceTree = "<group>"; };
		799FA4A02A0D30A5005FD089 /* HomeView.swift */ = {isa = PBXFileReference; lastKnownFileType = sourcecode.swift; path = HomeView.swift; sourceTree = "<group>"; };
		799FA4A22A0D30BC005FD089 /* TodosView.swift */ = {isa = PBXFileReference; lastKnownFileType = sourcecode.swift; path = TodosView.swift; sourceTree = "<group>"; };
		799FA4A42A0D30C8005FD089 /* AddTodoView.swift */ = {isa = PBXFileReference; lastKnownFileType = sourcecode.swift; path = AddTodoView.swift; sourceTree = "<group>"; };
		799FA4A62A0D30D8005FD089 /* SettingView.swift */ = {isa = PBXFileReference; lastKnownFileType = sourcecode.swift; path = SettingView.swift; sourceTree = "<group>"; };
		799FA4A82A0D30F2005FD089 /* MainView.swift */ = {isa = PBXFileReference; lastKnownFileType = sourcecode.swift; path = MainView.swift; sourceTree = "<group>"; };
		799FA4AA2A0D3C29005FD089 /* TodoViewModel.swift */ = {isa = PBXFileReference; lastKnownFileType = sourcecode.swift; path = TodoViewModel.swift; sourceTree = "<group>"; };
		799FA4AF2A0D3C56005FD089 /* TodoModel.swift */ = {isa = PBXFileReference; lastKnownFileType = sourcecode.swift; path = TodoModel.swift; sourceTree = "<group>"; };
/* End PBXFileReference section */

/* Begin PBXFrameworksBuildPhase section */
		799FA4792A0AB58B005FD089 /* Frameworks */ = {
			isa = PBXFrameworksBuildPhase;
			buildActionMask = 2147483647;
			files = (
				799FA4982A0B3291005FD089 /* FirebaseDatabaseSwift in Frameworks */,
				799FA49A2A0B3291005FD089 /* FirebaseFirestore in Frameworks */,
				799FA4962A0B3291005FD089 /* FirebaseDatabase in Frameworks */,
				799FA4942A0B3291005FD089 /* FirebaseAuth in Frameworks */,
			);
			runOnlyForDeploymentPostprocessing = 0;
		};
/* End PBXFrameworksBuildPhase section */

/* Begin PBXGroup section */
		799FA4732A0AB58B005FD089 = {
			isa = PBXGroup;
			children = (
				799FA47E2A0AB58B005FD089 /* Tebary */,
				799FA47D2A0AB58B005FD089 /* Products */,
			);
			sourceTree = "<group>";
		};
		799FA47D2A0AB58B005FD089 /* Products */ = {
			isa = PBXGroup;
			children = (
				799FA47C2A0AB58B005FD089 /* Tebary.app */,
			);
			name = Products;
			sourceTree = "<group>";
		};
		799FA47E2A0AB58B005FD089 /* Tebary */ = {
			isa = PBXGroup;
			children = (
				799FA4AC2A0D3C35005FD089 /* Model */,
				799FA49D2A0D23F0005FD089 /* ViewModel */,
				799FA49B2A0C4F9D005FD089 /* GoogleService-Info.plist */,
				799FA48D2A0AC762005FD089 /* View */,
				799FA47F2A0AB58B005FD089 /* TebaryApp.swift */,
				799FA4812A0AB58B005FD089 /* ContentView.swift */,
				799FA4832A0AB58D005FD089 /* Assets.xcassets */,
				799FA4852A0AB58D005FD089 /* Preview Content */,
			);
			path = Tebary;
			sourceTree = "<group>";
		};
		799FA4852A0AB58D005FD089 /* Preview Content */ = {
			isa = PBXGroup;
			children = (
				799FA4862A0AB58D005FD089 /* Preview Assets.xcassets */,
			);
			path = "Preview Content";
			sourceTree = "<group>";
		};
		799FA48D2A0AC762005FD089 /* View */ = {
			isa = PBXGroup;
			children = (
				799FA48E2A0AC778005FD089 /* SignInView.swift */,
				799FA4902A0AC785005FD089 /* LogInView.swift */,
				799FA4A02A0D30A5005FD089 /* HomeView.swift */,
				799FA4A22A0D30BC005FD089 /* TodosView.swift */,
				799FA4A42A0D30C8005FD089 /* AddTodoView.swift */,
				799FA4A62A0D30D8005FD089 /* SettingView.swift */,
				799FA4A82A0D30F2005FD089 /* MainView.swift */,
				799615802A0D4454008B7B03 /* DescriptionView.swift */,
			);
			path = View;
			sourceTree = "<group>";
		};
		799FA49D2A0D23F0005FD089 /* ViewModel */ = {
			isa = PBXGroup;
			children = (
				799FA49E2A0D2402005FD089 /* AuthViewModel.swift */,
				799FA4AA2A0D3C29005FD089 /* TodoViewModel.swift */,
			);
			path = ViewModel;
			sourceTree = "<group>";
		};
		799FA4AC2A0D3C35005FD089 /* Model */ = {
			isa = PBXGroup;
			children = (
				799FA4AF2A0D3C56005FD089 /* TodoModel.swift */,
			);
			path = Model;
			sourceTree = "<group>";
		};
/* End PBXGroup section */

/* Begin PBXNativeTarget section */
		799FA47B2A0AB58B005FD089 /* Tebary */ = {
			isa = PBXNativeTarget;
			buildConfigurationList = 799FA48A2A0AB58D005FD089 /* Build configuration list for PBXNativeTarget "Tebary" */;
			buildPhases = (
				799FA4782A0AB58B005FD089 /* Sources */,
				799FA4792A0AB58B005FD089 /* Frameworks */,
				799FA47A2A0AB58B005FD089 /* Resources */,
			);
			buildRules = (
			);
			dependencies = (
			);
			name = Tebary;
			packageProductDependencies = (
				799FA4932A0B3291005FD089 /* FirebaseAuth */,
				799FA4952A0B3291005FD089 /* FirebaseDatabase */,
				799FA4972A0B3291005FD089 /* FirebaseDatabaseSwift */,
				799FA4992A0B3291005FD089 /* FirebaseFirestore */,
			);
			productName = Tebary;
			productReference = 799FA47C2A0AB58B005FD089 /* Tebary.app */;
			productType = "com.apple.product-type.application";
		};
/* End PBXNativeTarget section */

/* Begin PBXProject section */
		799FA4742A0AB58B005FD089 /* Project object */ = {
			isa = PBXProject;
			attributes = {
				BuildIndependentTargetsInParallel = 1;
				LastSwiftUpdateCheck = 1430;
				LastUpgradeCheck = 1430;
				TargetAttributes = {
					799FA47B2A0AB58B005FD089 = {
						CreatedOnToolsVersion = 14.3;
					};
				};
			};
			buildConfigurationList = 799FA4772A0AB58B005FD089 /* Build configuration list for PBXProject "Tebary" */;
			compatibilityVersion = "Xcode 14.0";
			developmentRegion = en;
			hasScannedForEncodings = 0;
			knownRegions = (
				en,
				Base,
			);
			mainGroup = 799FA4732A0AB58B005FD089;
			packageReferences = (
				799FA4922A0B3291005FD089 /* XCRemoteSwiftPackageReference "firebase-ios-sdk" */,
			);
			productRefGroup = 799FA47D2A0AB58B005FD089 /* Products */;
			projectDirPath = "";
			projectRoot = "";
			targets = (
				799FA47B2A0AB58B005FD089 /* Tebary */,
			);
		};
/* End PBXProject section */

/* Begin PBXResourcesBuildPhase section */
		799FA47A2A0AB58B005FD089 /* Resources */ = {
			isa = PBXResourcesBuildPhase;
			buildActionMask = 2147483647;
			files = (
				799FA4872A0AB58D005FD089 /* Preview Assets.xcassets in Resources */,
				799FA4842A0AB58D005FD089 /* Assets.xcassets in Resources */,
				799FA49C2A0C4F9D005FD089 /* GoogleService-Info.plist in Resources */,
			);
			runOnlyForDeploymentPostprocessing = 0;
		};
/* End PBXResourcesBuildPhase section */

/* Begin PBXSourcesBuildPhase section */
		799FA4782A0AB58B005FD089 /* Sources */ = {
			isa = PBXSourcesBuildPhase;
			buildActionMask = 2147483647;
			files = (
				799FA49F2A0D2402005FD089 /* AuthViewModel.swift in Sources */,
				799FA48F2A0AC778005FD089 /* SignInView.swift in Sources */,
				799615812A0D4454008B7B03 /* DescriptionView.swift in Sources */,
				799FA4A32A0D30BC005FD089 /* TodosView.swift in Sources */,
				799FA4A92A0D30F2005FD089 /* MainView.swift in Sources */,
				799FA4A72A0D30D8005FD089 /* SettingView.swift in Sources */,
				799FA4822A0AB58B005FD089 /* ContentView.swift in Sources */,
				799FA4A12A0D30A5005FD089 /* HomeView.swift in Sources */,
				799FA4912A0AC785005FD089 /* LogInView.swift in Sources */,
				799FA4A52A0D30C8005FD089 /* AddTodoView.swift in Sources */,
				799FA4B02A0D3C56005FD089 /* TodoModel.swift in Sources */,
				799FA4AB2A0D3C2A005FD089 /* TodoViewModel.swift in Sources */,
				799FA4802A0AB58B005FD089 /* TebaryApp.swift in Sources */,
			);
			runOnlyForDeploymentPostprocessing = 0;
		};
/* End PBXSourcesBuildPhase section */

/* Begin XCBuildConfiguration section */
		799FA4882A0AB58D005FD089 /* Debug */ = {
			isa = XCBuildConfiguration;
			buildSettings = {
				ALWAYS_SEARCH_USER_PATHS = NO;
				CLANG_ANALYZER_NONNULL = YES;
				CLANG_ANALYZER_NUMBER_OBJECT_CONVERSION = YES_AGGRESSIVE;
				CLANG_CXX_LANGUAGE_STANDARD = "gnu++20";
				CLANG_ENABLE_MODULES = YES;
				CLANG_ENABLE_OBJC_ARC = YES;
				CLANG_ENABLE_OBJC_WEAK = YES;
				CLANG_WARN_BLOCK_CAPTURE_AUTORELEASING = YES;
				CLANG_WARN_BOOL_CONVERSION = YES;
				CLANG_WARN_COMMA = YES;
				CLANG_WARN_CONSTANT_CONVERSION = YES;
				CLANG_WARN_DEPRECATED_OBJC_IMPLEMENTATIONS = YES;
				CLANG_WARN_DIRECT_OBJC_ISA_USAGE = YES_ERROR;
				CLANG_WARN_DOCUMENTATION_COMMENTS = YES;
				CLANG_WARN_EMPTY_BODY = YES;
				CLANG_WARN_ENUM_CONVERSION = YES;
				CLANG_WARN_INFINITE_RECURSION = YES;
				CLANG_WARN_INT_CONVERSION = YES;
				CLANG_WARN_NON_LITERAL_NULL_CONVERSION = YES;
				CLANG_WARN_OBJC_IMPLICIT_RETAIN_SELF = YES;
				CLANG_WARN_OBJC_LITERAL_CONVERSION = YES;
				CLANG_WARN_OBJC_ROOT_CLASS = YES_ERROR;
				CLANG_WARN_QUOTED_INCLUDE_IN_FRAMEWORK_HEADER = YES;
				CLANG_WARN_RANGE_LOOP_ANALYSIS = YES;
				CLANG_WARN_STRICT_PROTOTYPES = YES;
				CLANG_WARN_SUSPICIOUS_MOVE = YES;
				CLANG_WARN_UNGUARDED_AVAILABILITY = YES_AGGRESSIVE;
				CLANG_WARN_UNREACHABLE_CODE = YES;
				CLANG_WARN__DUPLICATE_METHOD_MATCH = YES;
				COPY_PHASE_STRIP = NO;
				DEBUG_INFORMATION_FORMAT = dwarf;
				ENABLE_STRICT_OBJC_MSGSEND = YES;
				ENABLE_TESTABILITY = YES;
				GCC_C_LANGUAGE_STANDARD = gnu11;
				GCC_DYNAMIC_NO_PIC = NO;
				GCC_NO_COMMON_BLOCKS = YES;
				GCC_OPTIMIZATION_LEVEL = 0;
				GCC_PREPROCESSOR_DEFINITIONS = (
					"DEBUG=1",
					"$(inherited)",
				);
				GCC_WARN_64_TO_32_BIT_CONVERSION = YES;
				GCC_WARN_ABOUT_RETURN_TYPE = YES_ERROR;
				GCC_WARN_UNDECLARED_SELECTOR = YES;
				GCC_WARN_UNINITIALIZED_AUTOS = YES_AGGRESSIVE;
				GCC_WARN_UNUSED_FUNCTION = YES;
				GCC_WARN_UNUSED_VARIABLE = YES;
				IPHONEOS_DEPLOYMENT_TARGET = 16.4;
				MTL_ENABLE_DEBUG_INFO = INCLUDE_SOURCE;
				MTL_FAST_MATH = YES;
				ONLY_ACTIVE_ARCH = YES;
				SDKROOT = iphoneos;
				SWIFT_ACTIVE_COMPILATION_CONDITIONS = DEBUG;
				SWIFT_OPTIMIZATION_LEVEL = "-Onone";
			};
			name = Debug;
		};
		799FA4892A0AB58D005FD089 /* Release */ = {
			isa = XCBuildConfiguration;
			buildSettings = {
				ALWAYS_SEARCH_USER_PATHS = NO;
				CLANG_ANALYZER_NONNULL = YES;
				CLANG_ANALYZER_NUMBER_OBJECT_CONVERSION = YES_AGGRESSIVE;
				CLANG_CXX_LANGUAGE_STANDARD = "gnu++20";
				CLANG_ENABLE_MODULES = YES;
				CLANG_ENABLE_OBJC_ARC = YES;
				CLANG_ENABLE_OBJC_WEAK = YES;
				CLANG_WARN_BLOCK_CAPTURE_AUTORELEASING = YES;
				CLANG_WARN_BOOL_CONVERSION = YES;
				CLANG_WARN_COMMA = YES;
				CLANG_WARN_CONSTANT_CONVERSION = YES;
				CLANG_WARN_DEPRECATED_OBJC_IMPLEMENTATIONS = YES;
				CLANG_WARN_DIRECT_OBJC_ISA_USAGE = YES_ERROR;
				CLANG_WARN_DOCUMENTATION_COMMENTS = YES;
				CLANG_WARN_EMPTY_BODY = YES;
				CLANG_WARN_ENUM_CONVERSION = YES;
				CLANG_WARN_INFINITE_RECURSION = YES;
				CLANG_WARN_INT_CONVERSION = YES;
				CLANG_WARN_NON_LITERAL_NULL_CONVERSION = YES;
				CLANG_WARN_OBJC_IMPLICIT_RETAIN_SELF = YES;
				CLANG_WARN_OBJC_LITERAL_CONVERSION = YES;
				CLANG_WARN_OBJC_ROOT_CLASS = YES_ERROR;
				CLANG_WARN_QUOTED_INCLUDE_IN_FRAMEWORK_HEADER = YES;
				CLANG_WARN_RANGE_LOOP_ANALYSIS = YES;
				CLANG_WARN_STRICT_PROTOTYPES = YES;
				CLANG_WARN_SUSPICIOUS_MOVE = YES;
				CLANG_WARN_UNGUARDED_AVAILABILITY = YES_AGGRESSIVE;
				CLANG_WARN_UNREACHABLE_CODE = YES;
				CLANG_WARN__DUPLICATE_METHOD_MATCH = YES;
				COPY_PHASE_STRIP = NO;
				DEBUG_INFORMATION_FORMAT = "dwarf-with-dsym";
				ENABLE_NS_ASSERTIONS = NO;
				ENABLE_STRICT_OBJC_MSGSEND = YES;
				GCC_C_LANGUAGE_STANDARD = gnu11;
				GCC_NO_COMMON_BLOCKS = YES;
				GCC_WARN_64_TO_32_BIT_CONVERSION = YES;
				GCC_WARN_ABOUT_RETURN_TYPE = YES_ERROR;
				GCC_WARN_UNDECLARED_SELECTOR = YES;
				GCC_WARN_UNINITIALIZED_AUTOS = YES_AGGRESSIVE;
				GCC_WARN_UNUSED_FUNCTION = YES;
				GCC_WARN_UNUSED_VARIABLE = YES;
				IPHONEOS_DEPLOYMENT_TARGET = 16.4;
				MTL_ENABLE_DEBUG_INFO = NO;
				MTL_FAST_MATH = YES;
				SDKROOT = iphoneos;
				SWIFT_COMPILATION_MODE = wholemodule;
				SWIFT_OPTIMIZATION_LEVEL = "-O";
				VALIDATE_PRODUCT = YES;
			};
			name = Release;
		};
		799FA48B2A0AB58D005FD089 /* Debug */ = {
			isa = XCBuildConfiguration;
			buildSettings = {
				ASSETCATALOG_COMPILER_APPICON_NAME = AppIcon;
				ASSETCATALOG_COMPILER_GLOBAL_ACCENT_COLOR_NAME = AccentColor;
				CODE_SIGN_STYLE = Automatic;
				CURRENT_PROJECT_VERSION = 1;
				DEVELOPMENT_ASSET_PATHS = "\"Tebary/Preview Content\"";
				ENABLE_PREVIEWS = YES;
				GENERATE_INFOPLIST_FILE = YES;
				INFOPLIST_KEY_UIApplicationSceneManifest_Generation = YES;
				INFOPLIST_KEY_UIApplicationSupportsIndirectInputEvents = YES;
				INFOPLIST_KEY_UILaunchScreen_Generation = YES;
				INFOPLIST_KEY_UISupportedInterfaceOrientations_iPad = "UIInterfaceOrientationPortrait UIInterfaceOrientationPortraitUpsideDown UIInterfaceOrientationLandscapeLeft UIInterfaceOrientationLandscapeRight";
				INFOPLIST_KEY_UISupportedInterfaceOrientations_iPhone = "UIInterfaceOrientationPortrait UIInterfaceOrientationLandscapeLeft UIInterfaceOrientationLandscapeRight";
				LD_RUNPATH_SEARCH_PATHS = (
					"$(inherited)",
					"@executable_path/Frameworks",
				);
				MARKETING_VERSION = 1.0;
				PRODUCT_BUNDLE_IDENTIFIER = kotsevasker.Tebary;
				PRODUCT_NAME = "$(TARGET_NAME)";
				SWIFT_EMIT_LOC_STRINGS = YES;
				SWIFT_VERSION = 5.0;
				TARGETED_DEVICE_FAMILY = "1,2";
			};
			name = Debug;
		};
		799FA48C2A0AB58D005FD089 /* Release */ = {
			isa = XCBuildConfiguration;
			buildSettings = {
				ASSETCATALOG_COMPILER_APPICON_NAME = AppIcon;
				ASSETCATALOG_COMPILER_GLOBAL_ACCENT_COLOR_NAME = AccentColor;
				CODE_SIGN_STYLE = Automatic;
				CURRENT_PROJECT_VERSION = 1;
				DEVELOPMENT_ASSET_PATHS = "\"Tebary/Preview Content\"";
				ENABLE_PREVIEWS = YES;
				GENERATE_INFOPLIST_FILE = YES;
				INFOPLIST_KEY_UIApplicationSceneManifest_Generation = YES;
				INFOPLIST_KEY_UIApplicationSupportsIndirectInputEvents = YES;
				INFOPLIST_KEY_UILaunchScreen_Generation = YES;
				INFOPLIST_KEY_UISupportedInterfaceOrientations_iPad = "UIInterfaceOrientationPortrait UIInterfaceOrientationPortraitUpsideDown UIInterfaceOrientationLandscapeLeft UIInterfaceOrientationLandscapeRight";
				INFOPLIST_KEY_UISupportedInterfaceOrientations_iPhone = "UIInterfaceOrientationPortrait UIInterfaceOrientationLandscapeLeft UIInterfaceOrientationLandscapeRight";
				LD_RUNPATH_SEARCH_PATHS = (
					"$(inherited)",
					"@executable_path/Frameworks",
				);
				MARKETING_VERSION = 1.0;
				PRODUCT_BUNDLE_IDENTIFIER = kotsevasker.Tebary;
				PRODUCT_NAME = "$(TARGET_NAME)";
				SWIFT_EMIT_LOC_STRINGS = YES;
				SWIFT_VERSION = 5.0;
				TARGETED_DEVICE_FAMILY = "1,2";
			};
			name = Release;
		};
/* End XCBuildConfiguration section */

/* Begin XCConfigurationList section */
		799FA4772A0AB58B005FD089 /* Build configuration list for PBXProject "Tebary" */ = {
			isa = XCConfigurationList;
			buildConfigurations = (
				799FA4882A0AB58D005FD089 /* Debug */,
				799FA4892A0AB58D005FD089 /* Release */,
			);
			defaultConfigurationIsVisible = 0;
			defaultConfigurationName = Release;
		};
		799FA48A2A0AB58D005FD089 /* Build configuration list for PBXNativeTarget "Tebary" */ = {
			isa = XCConfigurationList;
			buildConfigurations = (
				799FA48B2A0AB58D005FD089 /* Debug */,
				799FA48C2A0AB58D005FD089 /* Release */,
			);
			defaultConfigurationIsVisible = 0;
			defaultConfigurationName = Release;
		};
/* End XCConfigurationList section */

/* Begin XCRemoteSwiftPackageReference section */
		799FA4922A0B3291005FD089 /* XCRemoteSwiftPackageReference "firebase-ios-sdk" */ = {
			isa = XCRemoteSwiftPackageReference;
			repositoryURL = "https://github.com/firebase/firebase-ios-sdk";
			requirement = {
				kind = upToNextMinorVersion;
				minimumVersion = 10.9.0;
			};
		};
/* End XCRemoteSwiftPackageReference section */

/* Begin XCSwiftPackageProductDependency section */
		799FA4932A0B3291005FD089 /* FirebaseAuth */ = {
			isa = XCSwiftPackageProductDependency;
			package = 799FA4922A0B3291005FD089 /* XCRemoteSwiftPackageReference "firebase-ios-sdk" */;
			productName = FirebaseAuth;
		};
		799FA4952A0B3291005FD089 /* FirebaseDatabase */ = {
			isa = XCSwiftPackageProductDependency;
			package = 799FA4922A0B3291005FD089 /* XCRemoteSwiftPackageReference "firebase-ios-sdk" */;
			productName = FirebaseDatabase;
		};
		799FA4972A0B3291005FD089 /* FirebaseDatabaseSwift */ = {
			isa = XCSwiftPackageProductDependency;
			package = 799FA4922A0B3291005FD089 /* XCRemoteSwiftPackageReference "firebase-ios-sdk" */;
			productName = FirebaseDatabaseSwift;
		};
		799FA4992A0B3291005FD089 /* FirebaseFirestore */ = {
			isa = XCSwiftPackageProductDependency;
			package = 799FA4922A0B3291005FD089 /* XCRemoteSwiftPackageReference "firebase-ios-sdk" */;
			productName = FirebaseFirestore;
		};
/* End XCSwiftPackageProductDependency section */
	};
	rootObject = 799FA4742A0AB58B005FD089 /* Project object */;
}
